
Microsoft Visual Studio Solution File, Format Version 12.00
# Visual Studio Version 17
VisualStudioVersion = 17.3.32901.215
MinimumVisualStudioVersion = 10.0.40219.1
Project("{FAE04EC0-301F-11D3-BF4B-00C04F79EFBC}") = "WebApplication.Presentation.API", "WebApplication.Presentation.API\WebApplication.Presentation.API.csproj", "{C982DA0F-F159-4593-80A5-047236CB9D31}"
EndProject
Project("{FAE04EC0-301F-11D3-BF4B-00C04F79EFBC}") = "WebApplication.Infra.IoC", "WebApplication.Infra.IoC\WebApplication.Infra.IoC.csproj", "{F78C1C18-B8DA-4069-A603-41E1CF571E47}"
EndProject
Project("{FAE04EC0-301F-11D3-BF4B-00C04F79EFBC}") = "WebApplication.Infra", "WebApplication.Infra\WebApplication.Infra.csproj", "{4FC62125-F1ED-48F1-987C-18939384C8D9}"
EndProject
Project("{FAE04EC0-301F-11D3-BF4B-00C04F79EFBC}") = "WebApplication.Domain", "WebApplication.Domain\WebApplication.Domain.csproj", "{9AF05BCA-CD52-412E-B139-034B4C576787}"
EndProject
Project("{FAE04EC0-301F-11D3-BF4B-00C04F79EFBC}") = "WebApplication.Application", "WebApplication.Application\WebApplication.Application.csproj", "{8E3C2DC5-4098-4C77-B967-C03235D08A26}"
EndProject
Global
	GlobalSection(SolutionConfigurationPlatforms) = preSolution
		Debug|Any CPU = Debug|Any CPU
		Release|Any CPU = Release|Any CPU
	EndGlobalSection
	GlobalSection(ProjectConfigurationPlatforms) = postSolution
		{C982DA0F-F159-4593-80A5-047236CB9D31}.Debug|Any CPU.ActiveCfg = Debug|Any CPU
		{C982DA0F-F159-4593-80A5-047236CB9D31}.Debug|Any CPU.Build.0 = Debug|Any CPU
		{C982DA0F-F159-4593-80A5-047236CB9D31}.Release|Any CPU.ActiveCfg = Release|Any CPU
		{C982DA0F-F159-4593-80A5-047236CB9D31}.Release|Any CPU.Build.0 = Release|Any CPU
		{F78C1C18-B8DA-4069-A603-41E1CF571E47}.Debug|Any CPU.ActiveCfg = Debug|Any CPU
		{F78C1C18-B8DA-4069-A603-41E1CF571E47}.Debug|Any CPU.Build.0 = Debug|Any CPU
		{F78C1C18-B8DA-4069-A603-41E1CF571E47}.Release|Any CPU.ActiveCfg = Release|Any CPU
		{F78C1C18-B8DA-4069-A603-41E1CF571E47}.Release|Any CPU.Build.0 = Release|Any CPU
		{4FC62125-F1ED-48F1-987C-18939384C8D9}.Debug|Any CPU.ActiveCfg = Debug|Any CPU
		{4FC62125-F1ED-48F1-987C-18939384C8D9}.Debug|Any CPU.Build.0 = Debug|Any CPU
		{4FC62125-F1ED-48F1-987C-18939384C8D9}.Release|Any CPU.ActiveCfg = Release|Any CPU
		{4FC62125-F1ED-48F1-987C-18939384C8D9}.Release|Any CPU.Build.0 = Release|Any CPU
		{9AF05BCA-CD52-412E-B139-034B4C576787}.Debug|Any CPU.ActiveCfg = Debug|Any CPU
		{9AF05BCA-CD52-412E-B139-034B4C576787}.Debug|Any CPU.Build.0 = Debug|Any CPU
		{9AF05BCA-CD52-412E-B139-034B4C576787}.Release|Any CPU.ActiveCfg = Release|Any CPU
		{9AF05BCA-CD52-412E-B139-034B4C576787}.Release|Any CPU.Build.0 = Release|Any CPU
		{8E3C2DC5-4098-4C77-B967-C03235D08A26}.Debug|Any CPU.ActiveCfg = Debug|Any CPU
		{8E3C2DC5-4098-4C77-B967-C03235D08A26}.Debug|Any CPU.Build.0 = Debug|Any CPU
		{8E3C2DC5-4098-4C77-B967-C03235D08A26}.Release|Any CPU.ActiveCfg = Release|Any CPU
		{8E3C2DC5-4098-4C77-B967-C03235D08A26}.Release|Any CPU.Build.0 = Release|Any CPU
	EndGlobalSection
	GlobalSection(SolutionProperties) = preSolution
		HideSolutionNode = FALSE
	EndGlobalSection
	GlobalSection(ExtensibilityGlobals) = postSolution
		SolutionGuid = {545041CF-E663-4381-B88F-4CA9376A0E49}
	EndGlobalSection
EndGlobal
